{
  "lockfile_version": "1",
  "packages": {
    "argocd@latest": {
      "last_modified": "2025-09-21T00:54:27Z",
      "resolved": "github:NixOS/nixpkgs/51c8f9cfaae8306d135095bcdb3df9027f95542d#argocd",
      "source": "devbox-search",
      "version": "3.1.6",
      "systems": {
        "aarch64-darwin": {
          "outputs": [
            {
              "name": "out",
              "path": "/nix/store/dfpcqp8jqwd29x81nfxl6czi2gxns39k-argocd-3.1.6",
              "default": true
            }
          ],
          "store_path": "/nix/store/dfpcqp8jqwd29x81nfxl6czi2gxns39k-argocd-3.1.6"
        },
        "aarch64-linux": {
          "outputs": [
            {
              "name": "out",
              "path": "/nix/store/wn9iwmshygy0ac1fbz8lj09xylyc0dkj-argocd-3.1.6",
              "default": true
            }
          ],
          "store_path": "/nix/store/wn9iwmshygy0ac1fbz8lj09xylyc0dkj-argocd-3.1.6"
        },
        "x86_64-darwin": {
          "outputs": [
            {
              "name": "out",
              "path": "/nix/store/z6vwdl2g94746w4fy1fr225qqlaryw8b-argocd-3.1.6",
              "default": true
            }
          ],
          "store_path": "/nix/store/z6vwdl2g94746w4fy1fr225qqlaryw8b-argocd-3.1.6"
        },
        "x86_64-linux": {
          "outputs": [
            {
              "name": "out",
              "path": "/nix/store/azbb8jqglifa6wqjkfad9mfjjbq75f8a-argocd-3.1.6",
              "default": true
            }
          ],
          "store_path": "/nix/store/azbb8jqglifa6wqjkfad9mfjjbq75f8a-argocd-3.1.6"
        }
      }
    },
    "github:NixOS/nixpkgs/nixpkgs-unstable": {
      "last_modified": "2025-09-16T13:27:06Z",
      "resolved": "github:NixOS/nixpkgs/08b8f92ac6354983f5382124fef6006cade4a1c1?lastModified=1758029226&narHash=sha256-TjqVmbpoCqWywY9xIZLTf6ANFvDCXdctCjoYuYPYdMI%3D"
    },
    "go-task@latest": {
      "last_modified": "2025-09-18T16:33:27Z",
      "resolved": "github:NixOS/nixpkgs/f4b140d5b253f5e2a1ff4e5506edbf8267724bde#go-task",
      "source": "devbox-search",
      "version": "3.44.1",
      "systems": {
        "aarch64-darwin": {
          "outputs": [
            {
              "name": "out",
              "path": "/nix/store/p58fz5g7zai0bgh6rqyg9hfz0hmvng4m-go-task-3.44.1",
              "default": true
            }
          ],
          "store_path": "/nix/store/p58fz5g7zai0bgh6rqyg9hfz0hmvng4m-go-task-3.44.1"
        },
        "aarch64-linux": {
          "outputs": [
            {
              "name": "out",
              "path": "/nix/store/qi3hx4hvcnzy317yihii2gm3gqgvvnw5-go-task-3.44.1",
              "default": true
            }
          ],
          "store_path": "/nix/store/qi3hx4hvcnzy317yihii2gm3gqgvvnw5-go-task-3.44.1"
        },
        "x86_64-darwin": {
          "outputs": [
            {
              "name": "out",
              "path": "/nix/store/n6xnr1iwm1yhcf6mji9l649djizbfg3b-go-task-3.44.1",
              "default": true
            }
          ],
          "store_path": "/nix/store/n6xnr1iwm1yhcf6mji9l649djizbfg3b-go-task-3.44.1"
        },
        "x86_64-linux": {
          "outputs": [
            {
              "name": "out",
              "path": "/nix/store/jjy9p73v67b6p555qs9ff3dasnlzafid-go-task-3.44.1",
              "default": true
            }
          ],
          "store_path": "/nix/store/jjy9p73v67b6p555qs9ff3dasnlzafid-go-task-3.44.1"
        }
      }
    },
    "k9s@latest": {
      "last_modified": "2025-09-18T16:33:27Z",
      "resolved": "github:NixOS/nixpkgs/f4b140d5b253f5e2a1ff4e5506edbf8267724bde#k9s",
      "source": "devbox-search",
      "version": "0.50.9",
      "systems": {
        "aarch64-darwin": {
          "outputs": [
            {
              "name": "out",
              "path": "/nix/store/73nhddg42hq5an2nhjxkyps637s0rc4n-k9s-0.50.9",
              "default": true
            }
          ],
          "store_path": "/nix/store/73nhddg42hq5an2nhjxkyps637s0rc4n-k9s-0.50.9"
        },
        "aarch64-linux": {
          "outputs": [
            {
              "name": "out",
              "path": "/nix/store/3xdpyzlhw8nw43dkcp576fjccxzwrwl8-k9s-0.50.9",
              "default": true
            }
          ],
          "store_path": "/nix/store/3xdpyzlhw8nw43dkcp576fjccxzwrwl8-k9s-0.50.9"
        },
        "x86_64-darwin": {
          "outputs": [
            {
              "name": "out",
              "path": "/nix/store/c4p8inzfpjmr5kdshihvnfqw67ix7nms-k9s-0.50.9",
              "default": true
            }
          ],
          "store_path": "/nix/store/c4p8inzfpjmr5kdshihvnfqw67ix7nms-k9s-0.50.9"
        },
        "x86_64-linux": {
          "outputs": [
            {
              "name": "out",
              "path": "/nix/store/2hgbs9rps8sc7yfyijgvgdksg4bnhrs2-k9s-0.50.9",
              "default": true
            }
          ],
          "store_path": "/nix/store/2hgbs9rps8sc7yfyijgvgdksg4bnhrs2-k9s-0.50.9"
        }
      }
    },
    "kind@latest": {
      "last_modified": "2025-09-18T16:33:27Z",
      "resolved": "github:NixOS/nixpkgs/f4b140d5b253f5e2a1ff4e5506edbf8267724bde#kind",
      "source": "devbox-search",
      "version": "0.30.0",
      "systems": {
        "aarch64-darwin": {
          "outputs": [
            {
              "name": "out",
              "path": "/nix/store/f1zv1knf82xycmg383rgmyp83h61hnin-kind-0.30.0",
              "default": true
            }
          ],
          "store_path": "/nix/store/f1zv1knf82xycmg383rgmyp83h61hnin-kind-0.30.0"
        },
        "aarch64-linux": {
          "outputs": [
            {
              "name": "out",
              "path": "/nix/store/y6nb7p504s22yc5crh6mxqnxcvl2wbah-kind-0.30.0",
              "default": true
            }
          ],
          "store_path": "/nix/store/y6nb7p504s22yc5crh6mxqnxcvl2wbah-kind-0.30.0"
        },
        "x86_64-darwin": {
          "outputs": [
            {
              "name": "out",
              "path": "/nix/store/1hi5hxjdklrmjrvi9j142h1aakr458ia-kind-0.30.0",
              "default": true
            }
          ],
          "store_path": "/nix/store/1hi5hxjdklrmjrvi9j142h1aakr458ia-kind-0.30.0"
        },
        "x86_64-linux": {
          "outputs": [
            {
              "name": "out",
              "path": "/nix/store/myld9sswhrl252bjrr60nl2ls9338vf3-kind-0.30.0",
              "default": true
            }
          ],
          "store_path": "/nix/store/myld9sswhrl252bjrr60nl2ls9338vf3-kind-0.30.0"
        }
      }
    },
    "kubectl@latest": {
      "last_modified": "2025-09-18T16:33:27Z",
      "resolved": "github:NixOS/nixpkgs/f4b140d5b253f5e2a1ff4e5506edbf8267724bde#kubectl",
      "source": "devbox-search",
      "version": "1.33.4",
      "systems": {
        "aarch64-darwin": {
          "outputs": [
            {
              "name": "out",
              "path": "/nix/store/l9qa55xhnsif5bd8jc558pl2kraiwisx-kubectl-1.33.4",
              "default": true
            },
            {
              "name": "man",
              "path": "/nix/store/1ax04d2wdfp63df3gbjdsq523ql895yc-kubectl-1.33.4-man",
              "default": true
            },
            {
              "name": "convert",
              "path": "/nix/store/p7xb87g2vz00n97fhaaqwr9jdvcp5647-kubectl-1.33.4-convert"
            }
          ],
          "store_path": "/nix/store/l9qa55xhnsif5bd8jc558pl2kraiwisx-kubectl-1.33.4"
        },
        "aarch64-linux": {
          "outputs": [
            {
              "name": "out",
              "path": "/nix/store/a95sq4yvhbrh4njn49glnp2xmbd3k3q1-kubectl-1.33.4",
              "default": true
            },
            {
              "name": "man",
              "path": "/nix/store/5jnghhpmiympxr759s1pqbksg3gld6d8-kubectl-1.33.4-man",
              "default": true
            },
            {
              "name": "convert",
              "path": "/nix/store/5sxzhci6fxn8jv3x9xkab1jdb43ynpzr-kubectl-1.33.4-convert"
            }
          ],
          "store_path": "/nix/store/a95sq4yvhbrh4njn49glnp2xmbd3k3q1-kubectl-1.33.4"
        },
        "x86_64-darwin": {
          "outputs": [
            {
              "name": "out",
              "path": "/nix/store/417lxr3l5cy3m86iywhhrkbkx2j9y1xk-kubectl-1.33.4",
              "default": true
            },
            {
              "name": "man",
              "path": "/nix/store/q5gf3an5cmfzyl2wqw21ll01yfmjxm0j-kubectl-1.33.4-man",
              "default": true
            },
            {
              "name": "convert",
              "path": "/nix/store/2kfp817d37kbsrjh48f8l26hmf12b97z-kubectl-1.33.4-convert"
            }
          ],
          "store_path": "/nix/store/417lxr3l5cy3m86iywhhrkbkx2j9y1xk-kubectl-1.33.4"
        },
        "x86_64-linux": {
          "outputs": [
            {
              "name": "out",
              "path": "/nix/store/abp5rhv8vnij5k08m5id75vdq4nnkqqq-kubectl-1.33.4",
              "default": true
            },
            {
              "name": "man",
              "path": "/nix/store/75afy3w5985pck1f7bvwwq7gzawf9i9c-kubectl-1.33.4-man",
              "default": true
            },
            {
              "name": "convert",
              "path": "/nix/store/1yhls3wrancjn52md7552kyalbh7dd5b-kubectl-1.33.4-convert"
            }
          ],
          "store_path": "/nix/store/abp5rhv8vnij5k08m5id75vdq4nnkqqq-kubectl-1.33.4"
        }
      }
    },
    "kubernetes-helm@latest": {
      "last_modified": "2025-09-18T16:33:27Z",
      "resolved": "github:NixOS/nixpkgs/f4b140d5b253f5e2a1ff4e5506edbf8267724bde#kubernetes-helm",
      "source": "devbox-search",
      "version": "3.19.0",
      "systems": {
        "aarch64-darwin": {
          "outputs": [
            {
              "name": "out",
              "path": "/nix/store/8irl5599sb6a89qqa9y3mb8j4d2h2vm2-kubernetes-helm-3.19.0",
              "default": true
            }
          ],
          "store_path": "/nix/store/8irl5599sb6a89qqa9y3mb8j4d2h2vm2-kubernetes-helm-3.19.0"
        },
        "aarch64-linux": {
          "outputs": [
            {
              "name": "out",
              "path": "/nix/store/xqrwcjbk1mkp72y9gdqk0h770s7jfqwy-kubernetes-helm-3.19.0",
              "default": true
            }
          ],
          "store_path": "/nix/store/xqrwcjbk1mkp72y9gdqk0h770s7jfqwy-kubernetes-helm-3.19.0"
        },
        "x86_64-darwin": {
          "outputs": [
            {
              "name": "out",
              "path": "/nix/store/5k9n5ifg8j39wqgidmihxcw3jn03hr6x-kubernetes-helm-3.19.0",
              "default": true
            }
          ],
          "store_path": "/nix/store/5k9n5ifg8j39wqgidmihxcw3jn03hr6x-kubernetes-helm-3.19.0"
        },
        "x86_64-linux": {
          "outputs": [
            {
              "name": "out",
              "path": "/nix/store/xhdxsw1rkwpj4j1c020r9bii97n9d624-kubernetes-helm-3.19.0",
              "default": true
            }
          ],
          "store_path": "/nix/store/xhdxsw1rkwpj4j1c020r9bii97n9d624-kubernetes-helm-3.19.0"
        }
      }
    }
  }
}
